<?xml version="1.0" encoding="utf-8"?>
<Project ToolsVersion="4.0" xmlns="http://schemas.microsoft.com/developer/msbuild/2003">
  <ItemGroup>
    <Filter Include="Source Files">
      <UniqueIdentifier>{4FC737F1-C7A5-4376-A066-2A32D752A2FF}</UniqueIdentifier>
      <Extensions>cpp;c;cc;cxx;c++;cppm;ixx;def;odl;idl;hpj;bat;asm;asmx</Extensions>
    </Filter>
    <Filter Include="Header Files">
      <UniqueIdentifier>{93995380-89BD-4b04-88EB-625FBE52EBFB}</UniqueIdentifier>
      <Extensions>h;hh;hpp;hxx;h++;hm;inl;inc;ipp;xsd</Extensions>
    </Filter>
    <Filter Include="Resource Files">
      <UniqueIdentifier>{67DA6AB6-F800-4c08-8B7A-83BB121AAD01}</UniqueIdentifier>
      <Extensions>rc;ico;cur;bmp;dlg;rc2;rct;bin;rgs;gif;jpg;jpeg;jpe;resx;tiff;tif;png;wav;mfcribbon-ms</Extensions>
    </Filter>
    <Filter Include="Monster">
      <UniqueIdentifier>{526fd39c-1c43-4627-984d-1d0ca9534064}</UniqueIdentifier>
    </Filter>
    <Filter Include="Character">
      <UniqueIdentifier>{4dd1f573-f933-4d62-ae85-7361f7a9d659}</UniqueIdentifier>
    </Filter>
  </ItemGroup>
  <ItemGroup>
    <ClCompile Include="TextRPG.cpp">
      <Filter>Source Files</Filter>
    </ClCompile>
    <ClCompile Include="Character\Character.cpp">
      <Filter>Character</Filter>
    </ClCompile>
    <ClCompile Include="Monster\Dragon.cpp">
      <Filter>Monster</Filter>
    </ClCompile>
    <ClCompile Include="Monster\Goblin.cpp">
      <Filter>Monster</Filter>
    </ClCompile>
    <ClCompile Include="Monster\Orc.cpp">
      <Filter>Monster</Filter>
    </ClCompile>
    <ClCompile Include="Monster\Slime.cpp">
      <Filter>Monster</Filter>
    </ClCompile>
    <ClCompile Include="Monster\Troll.cpp">
      <Filter>Monster</Filter>
    </ClCompile>
  </ItemGroup>
  <ItemGroup>
    <ClInclude Include="Character\Character.h">
      <Filter>Character</Filter>
    </ClInclude>
    <ClInclude Include="Monster\Troll.h">
      <Filter>Monster</Filter>
    </ClInclude>
    <ClInclude Include="Monster\Dragon.h">
      <Filter>Monster</Filter>
    </ClInclude>
    <ClInclude Include="Monster\Goblin.h">
      <Filter>Monster</Filter>
    </ClInclude>
    <ClInclude Include="Monster\Monster.h">
      <Filter>Monster</Filter>
    </ClInclude>
    <ClInclude Include="Monster\Orc.h">
      <Filter>Monster</Filter>
    </ClInclude>
    <ClInclude Include="Monster\Slime.h">
      <Filter>Monster</Filter>
    </ClInclude>
  </ItemGroup>
</Project>